{
  "schema": "hive-hub-agent-lock/1",
  "name": "hive-hub",
  "version": "0.1.1",
  "runner": {
    "python": ">=3.11",
    "isolated": true,
    "stdlib_only": true
  },
  "limits": {
    "card_bytes": 65536,
    "dialbook_bytes": 4194304,
    "dialbook_records": 4096,
    "json_bytes": 1048576,
    "json_depth": 32,
    "json_nodes": 20000,
    "git_output_bytes": 4194304,
    "learning_items": 64,
    "learning_item_bytes": 33554432,
    "process_seconds": 600
  },
  "trusted_static_origins": [
    "https://kody-w.github.io"
  ],
  "adapters": [
    {
      "id": "hive-hub.subscription/1",
      "fingerprint": "eeec9b60a50126a874eadef47bd52b6f019870325e4d4e91ca7017594c2a81b6",
      "contract": {
        "schema": "hive-hub-adapter-contract/1",
        "id": "hive-hub.subscription/1",
        "input": "verified-hive-declaration",
        "effect": "one-device-local-subscription",
        "network_after_resolution": false,
        "executes_downloaded_content": false,
        "remote_write": false,
        "reversible": true
      },
      "implementation": "local-subscription"
    },
    {
      "id": "hive-hub.github-repository/1",
      "fingerprint": "10767f352ccc9a901781ed53aa1a085968a85bc4c70c0b117ec83902611d75cb",
      "contract": {
        "schema": "hive-hub-adapter-contract/1",
        "id": "hive-hub.github-repository/1",
        "input": "verified-hive-declaration",
        "source_adapter": "github-repository",
        "source_fingerprint": "hive-hub-github-repository/1.0#sha256:9979236508e12c539d20b81d31161f29d3e2e5018a5eed1329a5cf9f9ccfa7c0",
        "effect": "one-device-local-subscription",
        "network_after_resolution": false,
        "executes_downloaded_content": false,
        "remote_write": false,
        "reversible": true
      },
      "implementation": "local-subscription"
    }
  ],
  "files": [
    {
      "path": "SKILL.md",
      "bytes": 6223,
      "sha256": "12f7d3f6b9c4153d0ad646c01f5b1c779b4e8bbbb520a6b8ec945da44b4cdd4a"
    },
    {
      "path": "instructions/AI.md",
      "bytes": 2075,
      "sha256": "35c11fe5108dd0900e4669ee06d9dd7dd7e9c10c7f3a16dd6bb5aad9576dd851"
    },
    {
      "path": "instructions/HUMAN.md",
      "bytes": 1919,
      "sha256": "1ff38327dc6c0d3bececbaf93b72e30a54fad530cf682282cb96d0b5be0dbf49"
    },
    {
      "path": "registry/integrated-adapters.json",
      "bytes": 3691,
      "sha256": "38b04b8b251ed4f62cf99a0d363d3d6f2cafcba2c523d402c8d4ee30fec52b66"
    },
    {
      "path": "registry/public-dialbook.json",
      "bytes": 967,
      "sha256": "eeaf3a17b31b93d8cbf879991502c9c95132fa5c2d9cf39205e62b4b1a79b4f6"
    },
    {
      "path": "schemas/core-ai-join-card.schema.json",
      "bytes": 1945,
      "sha256": "fd35f0677d913940cc0327c9501db94e3e11a0eb43eb01c924d75cdb7d081f24"
    },
    {
      "path": "schemas/hive-declaration.schema.json",
      "bytes": 948,
      "sha256": "1f0a83e90d922f0d2a78e3355792b6cbec9e32a1a6cf9e444c5d36ed9a738019"
    },
    {
      "path": "schemas/join-card.schema.json",
      "bytes": 835,
      "sha256": "4a4245af8fbc27cb320f71f368d98d4e21ca2f37950c3c65ed906950c32731c7"
    },
    {
      "path": "scripts/run.py",
      "bytes": 104227,
      "sha256": "5f37e8ee2dda239bda9a4e27ad502a21a16e82e9e0460c3d6a6b98b1ca041c77"
    }
  ]
}
